
Microsoft Visual Studio Solution File, Format Version 12.00
# Visual Studio Version 16
VisualStudioVersion = 16.0.29411.108
MinimumVisualStudioVersion = 10.0.40219.1
Project("{9A19103F-16F7-4668-BE54-9A1E7A4F7556}") = "Ovning2", "Övning2\Ovning2.csproj", "{17C9950B-9CAC-4A23-AF44-0166CC8534C1}"
EndProject
Project("{FAE04EC0-301F-11D3-BF4B-00C04F79EFBC}") = "Ovning2Test", "Övning2Test\Ovning2Test.csproj", "{89B8212C-0B68-4118-9EC1-C9C55A783F46}"
EndProject
Global
	GlobalSection(SolutionConfigurationPlatforms) = preSolution
		Debug|Any CPU = Debug|Any CPU
		Release|Any CPU = Release|Any CPU
	EndGlobalSection
	GlobalSection(ProjectConfigurationPlatforms) = postSolution
		{17C9950B-9CAC-4A23-AF44-0166CC8534C1}.Debug|Any CPU.ActiveCfg = Debug|Any CPU
		{17C9950B-9CAC-4A23-AF44-0166CC8534C1}.Debug|Any CPU.Build.0 = Debug|Any CPU
		{17C9950B-9CAC-4A23-AF44-0166CC8534C1}.Release|Any CPU.ActiveCfg = Release|Any CPU
		{17C9950B-9CAC-4A23-AF44-0166CC8534C1}.Release|Any CPU.Build.0 = Release|Any CPU
		{89B8212C-0B68-4118-9EC1-C9C55A783F46}.Debug|Any CPU.ActiveCfg = Debug|Any CPU
		{89B8212C-0B68-4118-9EC1-C9C55A783F46}.Debug|Any CPU.Build.0 = Debug|Any CPU
		{89B8212C-0B68-4118-9EC1-C9C55A783F46}.Release|Any CPU.ActiveCfg = Release|Any CPU
		{89B8212C-0B68-4118-9EC1-C9C55A783F46}.Release|Any CPU.Build.0 = Release|Any CPU
	EndGlobalSection
	GlobalSection(SolutionProperties) = preSolution
		HideSolutionNode = FALSE
	EndGlobalSection
	GlobalSection(ExtensibilityGlobals) = postSolution
		SolutionGuid = {90344CAB-EBAD-4C55-8523-9503C182315E}
	EndGlobalSection
EndGlobal
